
Microsoft Visual Studio Solution File, Format Version 12.00
# Visual Studio 2015
Project("{FAE04EC0-301F-11D3-BF4B-00C04F79EFBC}") = "Isometric 3D TD.CSharp", "Isometric 3D TD.CSharp.csproj", "{6C411239-3218-7C6A-AB2C-5B25C1FE5A74}"
EndProject
Global
	GlobalSection(SolutionConfigurationPlatforms) = preSolution
		Debug|Any CPU = Debug|Any CPU
		Release|Any CPU = Release|Any CPU
	EndGlobalSection
	GlobalSection(ProjectConfigurationPlatforms) = postSolution
		{6C411239-3218-7C6A-AB2C-5B25C1FE5A74}.Debug|Any CPU.ActiveCfg = Debug|Any CPU
		{6C411239-3218-7C6A-AB2C-5B25C1FE5A74}.Debug|Any CPU.Build.0 = Debug|Any CPU
		{6C411239-3218-7C6A-AB2C-5B25C1FE5A74}.Release|Any CPU.ActiveCfg = Release|Any CPU
		{6C411239-3218-7C6A-AB2C-5B25C1FE5A74}.Release|Any CPU.Build.0 = Release|Any CPU
	EndGlobalSection
	GlobalSection(SolutionProperties) = preSolution
		HideSolutionNode = FALSE
	EndGlobalSection
EndGlobal
